
Microsoft Visual Studio Solution File, Format Version 12.00
# Visual Studio Version 17
VisualStudioVersion = 17.13.35806.99 d17.13
MinimumVisualStudioVersion = 10.0.40219.1
Project("{FAE04EC0-301F-11D3-BF4B-00C04F79EFBC}") = "Lab2", "Lab2.csproj", "{3DD45B25-4537-435A-8DE8-AC8FB701F541}"
EndProject
Global
	GlobalSection(SolutionConfigurationPlatforms) = preSolution
		Debug|Any CPU = Debug|Any CPU
		Release|Any CPU = Release|Any CPU
	EndGlobalSection
	GlobalSection(ProjectConfigurationPlatforms) = postSolution
		{3DD45B25-4537-435A-8DE8-AC8FB701F541}.Debug|Any CPU.ActiveCfg = Debug|Any CPU
		{3DD45B25-4537-435A-8DE8-AC8FB701F541}.Debug|Any CPU.Build.0 = Debug|Any CPU
		{3DD45B25-4537-435A-8DE8-AC8FB701F541}.Release|Any CPU.ActiveCfg = Release|Any CPU
		{3DD45B25-4537-435A-8DE8-AC8FB701F541}.Release|Any CPU.Build.0 = Release|Any CPU
	EndGlobalSection
	GlobalSection(SolutionProperties) = preSolution
		HideSolutionNode = FALSE
	EndGlobalSection
	GlobalSection(ExtensibilityGlobals) = postSolution
		SolutionGuid = {377E7E91-D031-462B-B7D6-8E8AA1514705}
	EndGlobalSection
EndGlobal
